
Microsoft Visual Studio Solution File, Format Version 12.00
# Visual Studio Version 16
VisualStudioVersion = 16.0.32413.511
MinimumVisualStudioVersion = 10.0.40219.1
Project("{8BC9CEB8-8B4A-11D0-8D11-00A0C91BC942}") = "indiv_2", "indiv_2.vcxproj", "{C31FF092-2AA5-427C-A46C-40089B458466}"
EndProject
Global
	GlobalSection(SolutionConfigurationPlatforms) = preSolution
		Debug|x64 = Debug|x64
		Debug|x86 = Debug|x86
		Release|x64 = Release|x64
		Release|x86 = Release|x86
	EndGlobalSection
	GlobalSection(ProjectConfigurationPlatforms) = postSolution
		{C31FF092-2AA5-427C-A46C-40089B458466}.Debug|x64.ActiveCfg = Debug|x64
		{C31FF092-2AA5-427C-A46C-40089B458466}.Debug|x64.Build.0 = Debug|x64
		{C31FF092-2AA5-427C-A46C-40089B458466}.Debug|x86.ActiveCfg = Debug|Win32
		{C31FF092-2AA5-427C-A46C-40089B458466}.Debug|x86.Build.0 = Debug|Win32
		{C31FF092-2AA5-427C-A46C-40089B458466}.Release|x64.ActiveCfg = Release|x64
		{C31FF092-2AA5-427C-A46C-40089B458466}.Release|x64.Build.0 = Release|x64
		{C31FF092-2AA5-427C-A46C-40089B458466}.Release|x86.ActiveCfg = Release|Win32
		{C31FF092-2AA5-427C-A46C-40089B458466}.Release|x86.Build.0 = Release|Win32
	EndGlobalSection
	GlobalSection(SolutionProperties) = preSolution
		HideSolutionNode = FALSE
	EndGlobalSection
	GlobalSection(ExtensibilityGlobals) = postSolution
		SolutionGuid = {B3CCAD62-1949-4CFE-A449-20CB44A313B7}
	EndGlobalSection
EndGlobal
